
Microsoft Visual Studio Solution File, Format Version 12.00
# Visual Studio 15
VisualStudioVersion = 15.0.27130.2026
MinimumVisualStudioVersion = 10.0.40219.1
Project("{9A19103F-16F7-4668-BE54-9A1E7A4F7556}") = "Arbatel.Core", "src\Arbatel.Core\Arbatel.Core.csproj", "{A5FFC3A4-78CA-44F2-B8A8-F18DADF1690A}"
EndProject
Project("{9A19103F-16F7-4668-BE54-9A1E7A4F7556}") = "Arbatel.WinForms", "src\gui\Arbatel.WinForms\Arbatel.WinForms.csproj", "{4925B6D7-8B10-43D7-8CA9-D7A03B2B622E}"
EndProject
Project("{9A19103F-16F7-4668-BE54-9A1E7A4F7556}") = "ArbatelTest.Core", "test\src\ArbatelTest.Core\ArbatelTest.Core.csproj", "{4B4E25A8-B7D3-420D-8193-1785E0528D5E}"
EndProject
Project("{FAE04EC0-301F-11D3-BF4B-00C04F79EFBC}") = "Arbatel.Wpf", "src\gui\Arbatel.Wpf\Arbatel.Wpf.csproj", "{63B65D5D-D3F6-4C18-B4B4-75A0DFEEE635}"
EndProject
Project("{9A19103F-16F7-4668-BE54-9A1E7A4F7556}") = "Arbatel.Mac", "src\gui\Arbatel.Mac\Arbatel.Mac.csproj", "{82126DF9-6E7A-4DB4-8C78-7406786CC70C}"
EndProject
Project("{9A19103F-16F7-4668-BE54-9A1E7A4F7556}") = "Arbatel.Gtk", "src\gui\Arbatel.Gtk\Arbatel.Gtk.csproj", "{94AE77B4-896E-4184-B351-A2E35F98535E}"
EndProject
Project("{FAE04EC0-301F-11D3-BF4B-00C04F79EFBC}") = "Arbatel.XamMac", "src\gui\Arbatel.XamMac\Arbatel.XamMac.csproj", "{73F11BF1-A18D-4091-B451-C884FDDD922F}"
EndProject
Project("{2150E333-8FDC-42A3-9474-1A3956D46DE8}") = "common", "common", "{16A799F0-6BE4-430B-9D9C-2645193C7ED3}"
	ProjectSection(SolutionItems) = preProject
		.editorconfig = .editorconfig
		Directory.Build.props = Directory.Build.props
		Directory.Build.targets = Directory.Build.targets
		build\dmgbuild-settings.py = build\dmgbuild-settings.py
	EndProjectSection
EndProject
Project("{9A19103F-16F7-4668-BE54-9A1E7A4F7556}") = "_build", "build\_build.csproj", "{25570A55-7D75-4A24-84C1-864BBB2A0545}"
EndProject
Project("{2150E333-8FDC-42A3-9474-1A3956D46DE8}") = "gui", "gui", "{697D0DF3-4FE0-49DC-828E-60A3898F2368}"
EndProject
Project("{2150E333-8FDC-42A3-9474-1A3956D46DE8}") = "core", "core", "{9E70FBE8-83E7-49E5-9495-626693C6D26A}"
EndProject
Project("{2150E333-8FDC-42A3-9474-1A3956D46DE8}") = "test", "test", "{0CA443D2-1B96-46DE-A904-AF9E2E8A5731}"
EndProject
Project("{2150E333-8FDC-42A3-9474-1A3956D46DE8}") = "automatic", "automatic", "{00B90184-F86A-46C3-A5CE-425BC91E66D8}"
	ProjectSection(SolutionItems) = preProject
		test\src\vsadapter.runsettings = test\src\vsadapter.runsettings
	EndProjectSection
EndProject
Project("{2150E333-8FDC-42A3-9474-1A3956D46DE8}") = "manual", "manual", "{3DAA7AB2-B3A8-48F0-890D-36A605FFC528}"
EndProject
Project("{9A19103F-16F7-4668-BE54-9A1E7A4F7556}") = "ArbatelTest.Rendering", "test\src\ArbatelTest.Rendering\ArbatelTest.Rendering.csproj", "{F66BEEFB-66E4-44CD-AA74-CA548A21D56F}"
EndProject
Global
	GlobalSection(SolutionConfigurationPlatforms) = preSolution
		Debug|Any CPU = Debug|Any CPU
		Release|Any CPU = Release|Any CPU
	EndGlobalSection
	GlobalSection(ProjectConfigurationPlatforms) = postSolution
		{A5FFC3A4-78CA-44F2-B8A8-F18DADF1690A}.Debug|Any CPU.ActiveCfg = Debug|Any CPU
		{A5FFC3A4-78CA-44F2-B8A8-F18DADF1690A}.Debug|Any CPU.Build.0 = Debug|Any CPU
		{A5FFC3A4-78CA-44F2-B8A8-F18DADF1690A}.Release|Any CPU.ActiveCfg = Release|Any CPU
		{A5FFC3A4-78CA-44F2-B8A8-F18DADF1690A}.Release|Any CPU.Build.0 = Release|Any CPU
		{4925B6D7-8B10-43D7-8CA9-D7A03B2B622E}.Debug|Any CPU.ActiveCfg = Debug|Any CPU
		{4925B6D7-8B10-43D7-8CA9-D7A03B2B622E}.Debug|Any CPU.Build.0 = Debug|Any CPU
		{4925B6D7-8B10-43D7-8CA9-D7A03B2B622E}.Release|Any CPU.ActiveCfg = Release|Any CPU
		{4925B6D7-8B10-43D7-8CA9-D7A03B2B622E}.Release|Any CPU.Build.0 = Release|Any CPU
		{4B4E25A8-B7D3-420D-8193-1785E0528D5E}.Debug|Any CPU.ActiveCfg = Debug|Any CPU
		{4B4E25A8-B7D3-420D-8193-1785E0528D5E}.Debug|Any CPU.Build.0 = Debug|Any CPU
		{4B4E25A8-B7D3-420D-8193-1785E0528D5E}.Release|Any CPU.ActiveCfg = Release|Any CPU
		{4B4E25A8-B7D3-420D-8193-1785E0528D5E}.Release|Any CPU.Build.0 = Release|Any CPU
		{63B65D5D-D3F6-4C18-B4B4-75A0DFEEE635}.Debug|Any CPU.ActiveCfg = Debug|Any CPU
		{63B65D5D-D3F6-4C18-B4B4-75A0DFEEE635}.Debug|Any CPU.Build.0 = Debug|Any CPU
		{63B65D5D-D3F6-4C18-B4B4-75A0DFEEE635}.Release|Any CPU.ActiveCfg = Release|Any CPU
		{63B65D5D-D3F6-4C18-B4B4-75A0DFEEE635}.Release|Any CPU.Build.0 = Release|Any CPU
		{82126DF9-6E7A-4DB4-8C78-7406786CC70C}.Debug|Any CPU.ActiveCfg = Debug|Any CPU
		{82126DF9-6E7A-4DB4-8C78-7406786CC70C}.Debug|Any CPU.Build.0 = Debug|Any CPU
		{82126DF9-6E7A-4DB4-8C78-7406786CC70C}.Release|Any CPU.ActiveCfg = Release|Any CPU
		{82126DF9-6E7A-4DB4-8C78-7406786CC70C}.Release|Any CPU.Build.0 = Release|Any CPU
		{94AE77B4-896E-4184-B351-A2E35F98535E}.Debug|Any CPU.ActiveCfg = Debug|Any CPU
		{94AE77B4-896E-4184-B351-A2E35F98535E}.Debug|Any CPU.Build.0 = Debug|Any CPU
		{94AE77B4-896E-4184-B351-A2E35F98535E}.Release|Any CPU.ActiveCfg = Release|Any CPU
		{94AE77B4-896E-4184-B351-A2E35F98535E}.Release|Any CPU.Build.0 = Release|Any CPU
		{73F11BF1-A18D-4091-B451-C884FDDD922F}.Debug|Any CPU.ActiveCfg = Debug|Any CPU
		{73F11BF1-A18D-4091-B451-C884FDDD922F}.Debug|Any CPU.Build.0 = Debug|Any CPU
		{73F11BF1-A18D-4091-B451-C884FDDD922F}.Release|Any CPU.ActiveCfg = Release|Any CPU
		{73F11BF1-A18D-4091-B451-C884FDDD922F}.Release|Any CPU.Build.0 = Release|Any CPU
		{25570A55-7D75-4A24-84C1-864BBB2A0545}.Debug|Any CPU.ActiveCfg = Debug|Any CPU
		{25570A55-7D75-4A24-84C1-864BBB2A0545}.Debug|Any CPU.Build.0 = Debug|Any CPU
		{25570A55-7D75-4A24-84C1-864BBB2A0545}.Release|Any CPU.ActiveCfg = Release|Any CPU
		{25570A55-7D75-4A24-84C1-864BBB2A0545}.Release|Any CPU.Build.0 = Release|Any CPU
		{F66BEEFB-66E4-44CD-AA74-CA548A21D56F}.Debug|Any CPU.ActiveCfg = Debug|Any CPU
		{F66BEEFB-66E4-44CD-AA74-CA548A21D56F}.Debug|Any CPU.Build.0 = Debug|Any CPU
		{F66BEEFB-66E4-44CD-AA74-CA548A21D56F}.Release|Any CPU.ActiveCfg = Release|Any CPU
		{F66BEEFB-66E4-44CD-AA74-CA548A21D56F}.Release|Any CPU.Build.0 = Release|Any CPU
	EndGlobalSection
	GlobalSection(SolutionProperties) = preSolution
		HideSolutionNode = FALSE
	EndGlobalSection
	GlobalSection(NestedProjects) = preSolution
		{A5FFC3A4-78CA-44F2-B8A8-F18DADF1690A} = {9E70FBE8-83E7-49E5-9495-626693C6D26A}
		{4925B6D7-8B10-43D7-8CA9-D7A03B2B622E} = {697D0DF3-4FE0-49DC-828E-60A3898F2368}
		{4B4E25A8-B7D3-420D-8193-1785E0528D5E} = {00B90184-F86A-46C3-A5CE-425BC91E66D8}
		{63B65D5D-D3F6-4C18-B4B4-75A0DFEEE635} = {697D0DF3-4FE0-49DC-828E-60A3898F2368}
		{82126DF9-6E7A-4DB4-8C78-7406786CC70C} = {697D0DF3-4FE0-49DC-828E-60A3898F2368}
		{94AE77B4-896E-4184-B351-A2E35F98535E} = {697D0DF3-4FE0-49DC-828E-60A3898F2368}
		{73F11BF1-A18D-4091-B451-C884FDDD922F} = {697D0DF3-4FE0-49DC-828E-60A3898F2368}
		{25570A55-7D75-4A24-84C1-864BBB2A0545} = {16A799F0-6BE4-430B-9D9C-2645193C7ED3}
		{00B90184-F86A-46C3-A5CE-425BC91E66D8} = {0CA443D2-1B96-46DE-A904-AF9E2E8A5731}
		{3DAA7AB2-B3A8-48F0-890D-36A605FFC528} = {0CA443D2-1B96-46DE-A904-AF9E2E8A5731}
		{F66BEEFB-66E4-44CD-AA74-CA548A21D56F} = {3DAA7AB2-B3A8-48F0-890D-36A605FFC528}
	EndGlobalSection
	GlobalSection(ExtensibilityGlobals) = postSolution
		SolutionGuid = {3C1D08AD-2C29-462B-BE50-224C00AC61D4}
	EndGlobalSection
EndGlobal
