
Microsoft Visual Studio Solution File, Format Version 12.00
# Visual Studio 14
VisualStudioVersion = 14.0.25420.1
MinimumVisualStudioVersion = 10.0.40219.1
Project("{FAE04EC0-301F-11D3-BF4B-00C04F79EFBC}") = "Temblor.Core", "Temblor\Temblor.Core.csproj", "{247630FD-E639-4CC1-A7D4-26EDC51A07BF}"
EndProject
Project("{FAE04EC0-301F-11D3-BF4B-00C04F79EFBC}") = "Temblor.Gtk2", "Temblor.Gtk2\Temblor.Gtk2.csproj", "{C1F48022-B7E3-48F2-9D86-475952088AAD}"
EndProject
Project("{FAE04EC0-301F-11D3-BF4B-00C04F79EFBC}") = "Temblor.WinForms", "Temblor.WinForms\Temblor.WinForms.csproj", "{4925B6D7-8B10-43D7-8CA9-D7A03B2B622E}"
EndProject
Global
	GlobalSection(SolutionConfigurationPlatforms) = preSolution
		Debug|Any CPU = Debug|Any CPU
		Release|Any CPU = Release|Any CPU
	EndGlobalSection
	GlobalSection(ProjectConfigurationPlatforms) = postSolution
		{247630FD-E639-4CC1-A7D4-26EDC51A07BF}.Debug|Any CPU.ActiveCfg = Debug|Any CPU
		{247630FD-E639-4CC1-A7D4-26EDC51A07BF}.Debug|Any CPU.Build.0 = Debug|Any CPU
		{247630FD-E639-4CC1-A7D4-26EDC51A07BF}.Release|Any CPU.ActiveCfg = Release|Any CPU
		{247630FD-E639-4CC1-A7D4-26EDC51A07BF}.Release|Any CPU.Build.0 = Release|Any CPU
		{C1F48022-B7E3-48F2-9D86-475952088AAD}.Debug|Any CPU.ActiveCfg = Debug|Any CPU
		{C1F48022-B7E3-48F2-9D86-475952088AAD}.Debug|Any CPU.Build.0 = Debug|Any CPU
		{C1F48022-B7E3-48F2-9D86-475952088AAD}.Release|Any CPU.ActiveCfg = Release|Any CPU
		{C1F48022-B7E3-48F2-9D86-475952088AAD}.Release|Any CPU.Build.0 = Release|Any CPU
		{4925B6D7-8B10-43D7-8CA9-D7A03B2B622E}.Debug|Any CPU.ActiveCfg = Debug|Any CPU
		{4925B6D7-8B10-43D7-8CA9-D7A03B2B622E}.Debug|Any CPU.Build.0 = Debug|Any CPU
		{4925B6D7-8B10-43D7-8CA9-D7A03B2B622E}.Release|Any CPU.ActiveCfg = Release|Any CPU
		{4925B6D7-8B10-43D7-8CA9-D7A03B2B622E}.Release|Any CPU.Build.0 = Release|Any CPU
	EndGlobalSection
	GlobalSection(SolutionProperties) = preSolution
		HideSolutionNode = FALSE
	EndGlobalSection
EndGlobal
